
Microsoft Visual Studio Solution File, Format Version 12.00
# Visual Studio 15
VisualStudioVersion = 15.0.28307.572
MinimumVisualStudioVersion = 10.0.40219.1
Project("{FAE04EC0-301F-11D3-BF4B-00C04F79EFBC}") = "ElkExampleApi.WebApi", "ElkExampleApi.WebApi\ElkExampleApi.WebApi.csproj", "{D104772C-5F99-4216-9DEE-6658855E0F8D}"
EndProject
Project("{E53339B2-1760-4266-BCC7-CA923CBCF16C}") = "docker-compose", "docker-compose.dcproj", "{915A2946-D3A9-4B3B-B136-F80BF5696102}"
EndProject
Global
	GlobalSection(SolutionConfigurationPlatforms) = preSolution
		Debug|Any CPU = Debug|Any CPU
		Release|Any CPU = Release|Any CPU
	EndGlobalSection
	GlobalSection(ProjectConfigurationPlatforms) = postSolution
		{D104772C-5F99-4216-9DEE-6658855E0F8D}.Debug|Any CPU.ActiveCfg = Debug|Any CPU
		{D104772C-5F99-4216-9DEE-6658855E0F8D}.Debug|Any CPU.Build.0 = Debug|Any CPU
		{D104772C-5F99-4216-9DEE-6658855E0F8D}.Release|Any CPU.ActiveCfg = Release|Any CPU
		{D104772C-5F99-4216-9DEE-6658855E0F8D}.Release|Any CPU.Build.0 = Release|Any CPU
		{915A2946-D3A9-4B3B-B136-F80BF5696102}.Debug|Any CPU.ActiveCfg = Debug|Any CPU
		{915A2946-D3A9-4B3B-B136-F80BF5696102}.Debug|Any CPU.Build.0 = Debug|Any CPU
		{915A2946-D3A9-4B3B-B136-F80BF5696102}.Release|Any CPU.ActiveCfg = Release|Any CPU
		{915A2946-D3A9-4B3B-B136-F80BF5696102}.Release|Any CPU.Build.0 = Release|Any CPU
	EndGlobalSection
	GlobalSection(SolutionProperties) = preSolution
		HideSolutionNode = FALSE
	EndGlobalSection
	GlobalSection(ExtensibilityGlobals) = postSolution
		SolutionGuid = {989BB0D6-CD36-48BD-B5A6-B5AC0B44D208}
	EndGlobalSection
EndGlobal
